
Microsoft Visual Studio Solution File, Format Version 12.00
# Visual Studio 15
Project("{FAE04EC0-301F-11D3-BF4B-00C04F79EFBC}") = "Assembly-CSharp", "Assembly-CSharp.csproj", "{CCB4F2E0-ED95-68DE-4DD3-3CC747A14C50}"
EndProject
Project("{FAE04EC0-301F-11D3-BF4B-00C04F79EFBC}") = "Assembly-CSharp-firstpass", "Assembly-CSharp-firstpass.csproj", "{B894B6F6-F4C0-8409-A3AB-05EE825E08D1}"
EndProject
Project("{FAE04EC0-301F-11D3-BF4B-00C04F79EFBC}") = "Assembly-CSharp-Editor-firstpass", "Assembly-CSharp-Editor-firstpass.csproj", "{3B7D3B3C-FB97-8A41-7387-CDBFD2C5F7BA}"
EndProject
Global
	GlobalSection(SolutionConfigurationPlatforms) = preSolution
		Debug|Any CPU = Debug|Any CPU
		Release|Any CPU = Release|Any CPU
	EndGlobalSection
	GlobalSection(ProjectConfigurationPlatforms) = postSolution
		{CCB4F2E0-ED95-68DE-4DD3-3CC747A14C50}.Debug|Any CPU.ActiveCfg = Debug|Any CPU
		{CCB4F2E0-ED95-68DE-4DD3-3CC747A14C50}.Debug|Any CPU.Build.0 = Debug|Any CPU
		{CCB4F2E0-ED95-68DE-4DD3-3CC747A14C50}.Release|Any CPU.ActiveCfg = Release|Any CPU
		{CCB4F2E0-ED95-68DE-4DD3-3CC747A14C50}.Release|Any CPU.Build.0 = Release|Any CPU
		{B894B6F6-F4C0-8409-A3AB-05EE825E08D1}.Debug|Any CPU.ActiveCfg = Debug|Any CPU
		{B894B6F6-F4C0-8409-A3AB-05EE825E08D1}.Debug|Any CPU.Build.0 = Debug|Any CPU
		{B894B6F6-F4C0-8409-A3AB-05EE825E08D1}.Release|Any CPU.ActiveCfg = Release|Any CPU
		{B894B6F6-F4C0-8409-A3AB-05EE825E08D1}.Release|Any CPU.Build.0 = Release|Any CPU
		{3B7D3B3C-FB97-8A41-7387-CDBFD2C5F7BA}.Debug|Any CPU.ActiveCfg = Debug|Any CPU
		{3B7D3B3C-FB97-8A41-7387-CDBFD2C5F7BA}.Debug|Any CPU.Build.0 = Debug|Any CPU
		{3B7D3B3C-FB97-8A41-7387-CDBFD2C5F7BA}.Release|Any CPU.ActiveCfg = Release|Any CPU
		{3B7D3B3C-FB97-8A41-7387-CDBFD2C5F7BA}.Release|Any CPU.Build.0 = Release|Any CPU
	EndGlobalSection
	GlobalSection(SolutionProperties) = preSolution
		HideSolutionNode = FALSE
	EndGlobalSection
EndGlobal
